// !$*UTF8*$!
{
	archiveVersion = 1;
	classes = {
	};
	objectVersion = 77;
	objects = {

/* Begin PBXBuildFile section */
		B6C5CAE22EDEAAC900E31844 /* Student_info in Frameworks */ = {isa = PBXBuildFile; productRef = B6C5CAE12EDEAAC900E31844 /* Student_info */; };
		B6C5CAFD2EDEAB4800E31844 /* Student_info in Frameworks */ = {isa = PBXBuildFile; productRef = B6C5CAFC2EDEAB4800E31844 /* Student_info */; };
		B6C5CB122EDEABCB00E31844 /* Student_info in Frameworks */ = {isa = PBXBuildFile; productRef = B6C5CB112EDEABCB00E31844 /* Student_info */; };
		B6F5F7762ED5748F00047E4E /* Apollo in Frameworks */ = {isa = PBXBuildFile; productRef = B6F5F7752ED5748F00047E4E /* Apollo */; };
		B6F5F7782ED5748F00047E4E /* ApolloAPI in Frameworks */ = {isa = PBXBuildFile; productRef = B6F5F7772ED5748F00047E4E /* ApolloAPI */; };
		B6F5F77A2ED5748F00047E4E /* ApolloSQLite in Frameworks */ = {isa = PBXBuildFile; productRef = B6F5F7792ED5748F00047E4E /* ApolloSQLite */; };
		B6F5F77C2ED5748F00047E4E /* ApolloTestSupport in Frameworks */ = {isa = PBXBuildFile; productRef = B6F5F77B2ED5748F00047E4E /* ApolloTestSupport */; };
/* End PBXBuildFile section */

/* Begin PBXFileReference section */
		B63F52FD2ECED32100AC86AC /* Appollo.app */ = {isa = PBXFileReference; explicitFileType = wrapper.application; includeInIndex = 0; path = Appollo.app; sourceTree = BUILT_PRODUCTS_DIR; };
/* End PBXFileReference section */

/* Begin PBXFileSystemSynchronizedRootGroup section */
		B63F52FF2ECED32100AC86AC /* Appollo */ = {
			isa = PBXFileSystemSynchronizedRootGroup;
			path = Appollo;
			sourceTree = "<group>";
		};
/* End PBXFileSystemSynchronizedRootGroup section */

/* Begin PBXFrameworksBuildPhase section */
		B63F52FA2ECED32100AC86AC /* Frameworks */ = {
			isa = PBXFrameworksBuildPhase;
			buildActionMask = 2147483647;
			files = (
				B6C5CAE22EDEAAC900E31844 /* Student_info in Frameworks */,
				B6F5F7782ED5748F00047E4E /* ApolloAPI in Frameworks */,
				B6C5CAFD2EDEAB4800E31844 /* Student_info in Frameworks */,
				B6F5F77C2ED5748F00047E4E /* ApolloTestSupport in Frameworks */,
				B6F5F7762ED5748F00047E4E /* Apollo in Frameworks */,
				B6C5CB122EDEABCB00E31844 /* Student_info in Frameworks */,
				B6F5F77A2ED5748F00047E4E /* ApolloSQLite in Frameworks */,
			);
			runOnlyForDeploymentPostprocessing = 0;
		};
/* End PBXFrameworksBuildPhase section */

/* Begin PBXGroup section */
		B63F52F42ECED32100AC86AC = {
			isa = PBXGroup;
			children = (
				B63F52FF2ECED32100AC86AC /* Appollo */,
				B63F52FE2ECED32100AC86AC /* Products */,
			);
			sourceTree = "<group>";
		};
		B63F52FE2ECED32100AC86AC /* Products */ = {
			isa = PBXGroup;
			children = (
				B63F52FD2ECED32100AC86AC /* Appollo.app */,
			);
			name = Products;
			sourceTree = "<group>";
		};
/* End PBXGroup section */

/* Begin PBXNativeTarget section */
		B63F52FC2ECED32100AC86AC /* Appollo */ = {
			isa = PBXNativeTarget;
			buildConfigurationList = B63F53082ECED32200AC86AC /* Build configuration list for PBXNativeTarget "Appollo" */;
			buildPhases = (
				B63F52F92ECED32100AC86AC /* Sources */,
				B63F52FA2ECED32100AC86AC /* Frameworks */,
				B63F52FB2ECED32100AC86AC /* Resources */,
			);
			buildRules = (
			);
			dependencies = (
			);
			fileSystemSynchronizedGroups = (
				B63F52FF2ECED32100AC86AC /* Appollo */,
			);
			name = Appollo;
			packageProductDependencies = (
				B6F5F7752ED5748F00047E4E /* Apollo */,
				B6F5F7772ED5748F00047E4E /* ApolloAPI */,
				B6F5F7792ED5748F00047E4E /* ApolloSQLite */,
				B6F5F77B2ED5748F00047E4E /* ApolloTestSupport */,
				B6C5CAE12EDEAAC900E31844 /* Student_info */,
				B6C5CAFC2EDEAB4800E31844 /* Student_info */,
				B6C5CB112EDEABCB00E31844 /* Student_info */,
			);
			productName = Appollo;
			productReference = B63F52FD2ECED32100AC86AC /* Appollo.app */;
			productType = "com.apple.product-type.application";
		};
/* End PBXNativeTarget section */

/* Begin PBXProject section */
		B63F52F52ECED32100AC86AC /* Project object */ = {
			isa = PBXProject;
			attributes = {
				BuildIndependentTargetsInParallel = 1;
				LastSwiftUpdateCheck = 1640;
				LastUpgradeCheck = 1640;
				TargetAttributes = {
					B63F52FC2ECED32100AC86AC = {
						CreatedOnToolsVersion = 16.4;
					};
				};
			};
			buildConfigurationList = B63F52F82ECED32100AC86AC /* Build configuration list for PBXProject "Appollo" */;
			developmentRegion = en;
			hasScannedForEncodings = 0;
			knownRegions = (
				en,
				Base,
			);
			mainGroup = B63F52F42ECED32100AC86AC;
			minimizedProjectReferenceProxies = 1;
			packageReferences = (
				B6F5F7742ED5748F00047E4E /* XCRemoteSwiftPackageReference "apollo-ios" */,
				B6C5CB102EDEABCB00E31844 /* XCLocalSwiftPackageReference "student_info" */,
			);
			preferredProjectObjectVersion = 77;
			productRefGroup = B63F52FE2ECED32100AC86AC /* Products */;
			projectDirPath = "";
			projectRoot = "";
			targets = (
				B63F52FC2ECED32100AC86AC /* Appollo */,
			);
		};
/* End PBXProject section */

/* Begin PBXResourcesBuildPhase section */
		B63F52FB2ECED32100AC86AC /* Resources */ = {
			isa = PBXResourcesBuildPhase;
			buildActionMask = 2147483647;
			files = (
			);
			runOnlyForDeploymentPostprocessing = 0;
		};
/* End PBXResourcesBuildPhase section */

/* Begin PBXSourcesBuildPhase section */
		B63F52F92ECED32100AC86AC /* Sources */ = {
			isa = PBXSourcesBuildPhase;
			buildActionMask = 2147483647;
			files = (
			);
			runOnlyForDeploymentPostprocessing = 0;
		};
/* End PBXSourcesBuildPhase section */

/* Begin XCBuildConfiguration section */
		B63F53062ECED32200AC86AC /* Debug */ = {
			isa = XCBuildConfiguration;
			buildSettings = {
				ALWAYS_SEARCH_USER_PATHS = NO;
				ASSETCATALOG_COMPILER_GENERATE_SWIFT_ASSET_SYMBOL_EXTENSIONS = YES;
				CLANG_ANALYZER_NONNULL = YES;
				CLANG_ANALYZER_NUMBER_OBJECT_CONVERSION = YES_AGGRESSIVE;
				CLANG_CXX_LANGUAGE_STANDARD = "gnu++20";
				CLANG_ENABLE_MODULES = YES;
				CLANG_ENABLE_OBJC_ARC = YES;
				CLANG_ENABLE_OBJC_WEAK = YES;
				CLANG_WARN_BLOCK_CAPTURE_AUTORELEASING = YES;
				CLANG_WARN_BOOL_CONVERSION = YES;
				CLANG_WARN_COMMA = YES;
				CLANG_WARN_CONSTANT_CONVERSION = YES;
				CLANG_WARN_DEPRECATED_OBJC_IMPLEMENTATIONS = YES;
				CLANG_WARN_DIRECT_OBJC_ISA_USAGE = YES_ERROR;
				CLANG_WARN_DOCUMENTATION_COMMENTS = YES;
				CLANG_WARN_EMPTY_BODY = YES;
				CLANG_WARN_ENUM_CONVERSION = YES;
				CLANG_WARN_INFINITE_RECURSION = YES;
				CLANG_WARN_INT_CONVERSION = YES;
				CLANG_WARN_NON_LITERAL_NULL_CONVERSION = YES;
				CLANG_WARN_OBJC_IMPLICIT_RETAIN_SELF = YES;
				CLANG_WARN_OBJC_LITERAL_CONVERSION = YES;
				CLANG_WARN_OBJC_ROOT_CLASS = YES_ERROR;
				CLANG_WARN_QUOTED_INCLUDE_IN_FRAMEWORK_HEADER = YES;
				CLANG_WARN_RANGE_LOOP_ANALYSIS = YES;
				CLANG_WARN_STRICT_PROTOTYPES = YES;
				CLANG_WARN_SUSPICIOUS_MOVE = YES;
				CLANG_WARN_UNGUARDED_AVAILABILITY = YES_AGGRESSIVE;
				CLANG_WARN_UNREACHABLE_CODE = YES;
				CLANG_WARN__DUPLICATE_METHOD_MATCH = YES;
				COPY_PHASE_STRIP = NO;
				DEBUG_INFORMATION_FORMAT = dwarf;
				DEVELOPMENT_TEAM = GDJ74W2B9N;
				ENABLE_STRICT_OBJC_MSGSEND = YES;
				ENABLE_TESTABILITY = YES;
				ENABLE_USER_SCRIPT_SANDBOXING = YES;
				GCC_C_LANGUAGE_STANDARD = gnu17;
				GCC_DYNAMIC_NO_PIC = NO;
				GCC_NO_COMMON_BLOCKS = YES;
				GCC_OPTIMIZATION_LEVEL = 0;
				GCC_PREPROCESSOR_DEFINITIONS = (
					"DEBUG=1",
					"$(inherited)",
				);
				GCC_WARN_64_TO_32_BIT_CONVERSION = YES;
				GCC_WARN_ABOUT_RETURN_TYPE = YES_ERROR;
				GCC_WARN_UNDECLARED_SELECTOR = YES;
				GCC_WARN_UNINITIALIZED_AUTOS = YES_AGGRESSIVE;
				GCC_WARN_UNUSED_FUNCTION = YES;
				GCC_WARN_UNUSED_VARIABLE = YES;
				IPHONEOS_DEPLOYMENT_TARGET = 18.5;
				LOCALIZATION_PREFERS_STRING_CATALOGS = YES;
				MTL_ENABLE_DEBUG_INFO = INCLUDE_SOURCE;
				MTL_FAST_MATH = YES;
				ONLY_ACTIVE_ARCH = YES;
				SDKROOT = iphoneos;
				SWIFT_ACTIVE_COMPILATION_CONDITIONS = "DEBUG $(inherited)";
				SWIFT_OPTIMIZATION_LEVEL = "-Onone";
			};
			name = Debug;
		};
		B63F53072ECED32200AC86AC /* Release */ = {
			isa = XCBuildConfiguration;
			buildSettings = {
				ALWAYS_SEARCH_USER_PATHS = NO;
				ASSETCATALOG_COMPILER_GENERATE_SWIFT_ASSET_SYMBOL_EXTENSIONS = YES;
				CLANG_ANALYZER_NONNULL = YES;
				CLANG_ANALYZER_NUMBER_OBJECT_CONVERSION = YES_AGGRESSIVE;
				CLANG_CXX_LANGUAGE_STANDARD = "gnu++20";
				CLANG_ENABLE_MODULES = YES;
				CLANG_ENABLE_OBJC_ARC = YES;
				CLANG_ENABLE_OBJC_WEAK = YES;
				CLANG_WARN_BLOCK_CAPTURE_AUTORELEASING = YES;
				CLANG_WARN_BOOL_CONVERSION = YES;
				CLANG_WARN_COMMA = YES;
				CLANG_WARN_CONSTANT_CONVERSION = YES;
				CLANG_WARN_DEPRECATED_OBJC_IMPLEMENTATIONS = YES;
				CLANG_WARN_DIRECT_OBJC_ISA_USAGE = YES_ERROR;
				CLANG_WARN_DOCUMENTATION_COMMENTS = YES;
				CLANG_WARN_EMPTY_BODY = YES;
				CLANG_WARN_ENUM_CONVERSION = YES;
				CLANG_WARN_INFINITE_RECURSION = YES;
				CLANG_WARN_INT_CONVERSION = YES;
				CLANG_WARN_NON_LITERAL_NULL_CONVERSION = YES;
				CLANG_WARN_OBJC_IMPLICIT_RETAIN_SELF = YES;
				CLANG_WARN_OBJC_LITERAL_CONVERSION = YES;
				CLANG_WARN_OBJC_ROOT_CLASS = YES_ERROR;
				CLANG_WARN_QUOTED_INCLUDE_IN_FRAMEWORK_HEADER = YES;
				CLANG_WARN_RANGE_LOOP_ANALYSIS = YES;
				CLANG_WARN_STRICT_PROTOTYPES = YES;
				CLANG_WARN_SUSPICIOUS_MOVE = YES;
				CLANG_WARN_UNGUARDED_AVAILABILITY = YES_AGGRESSIVE;
				CLANG_WARN_UNREACHABLE_CODE = YES;
				CLANG_WARN__DUPLICATE_METHOD_MATCH = YES;
				COPY_PHASE_STRIP = NO;
				DEBUG_INFORMATION_FORMAT = "dwarf-with-dsym";
				DEVELOPMENT_TEAM = GDJ74W2B9N;
				ENABLE_NS_ASSERTIONS = NO;
				ENABLE_STRICT_OBJC_MSGSEND = YES;
				ENABLE_USER_SCRIPT_SANDBOXING = YES;
				GCC_C_LANGUAGE_STANDARD = gnu17;
				GCC_NO_COMMON_BLOCKS = YES;
				GCC_WARN_64_TO_32_BIT_CONVERSION = YES;
				GCC_WARN_ABOUT_RETURN_TYPE = YES_ERROR;
				GCC_WARN_UNDECLARED_SELECTOR = YES;
				GCC_WARN_UNINITIALIZED_AUTOS = YES_AGGRESSIVE;
				GCC_WARN_UNUSED_FUNCTION = YES;
				GCC_WARN_UNUSED_VARIABLE = YES;
				IPHONEOS_DEPLOYMENT_TARGET = 18.5;
				LOCALIZATION_PREFERS_STRING_CATALOGS = YES;
				MTL_ENABLE_DEBUG_INFO = NO;
				MTL_FAST_MATH = YES;
				SDKROOT = iphoneos;
				SWIFT_COMPILATION_MODE = wholemodule;
				VALIDATE_PRODUCT = YES;
			};
			name = Release;
		};
		B63F53092ECED32200AC86AC /* Debug */ = {
			isa = XCBuildConfiguration;
			buildSettings = {
				ASSETCATALOG_COMPILER_APPICON_NAME = AppIcon;
				ASSETCATALOG_COMPILER_GLOBAL_ACCENT_COLOR_NAME = AccentColor;
				CODE_SIGN_STYLE = Automatic;
				CURRENT_PROJECT_VERSION = 1;
				DEVELOPMENT_TEAM = GDJ74W2B9N;
				ENABLE_PREVIEWS = YES;
				GENERATE_INFOPLIST_FILE = YES;
				INFOPLIST_KEY_UIApplicationSceneManifest_Generation = YES;
				INFOPLIST_KEY_UIApplicationSupportsIndirectInputEvents = YES;
				INFOPLIST_KEY_UILaunchScreen_Generation = YES;
				INFOPLIST_KEY_UISupportedInterfaceOrientations_iPad = "UIInterfaceOrientationPortrait UIInterfaceOrientationPortraitUpsideDown UIInterfaceOrientationLandscapeLeft UIInterfaceOrientationLandscapeRight";
				INFOPLIST_KEY_UISupportedInterfaceOrientations_iPhone = "UIInterfaceOrientationPortrait UIInterfaceOrientationLandscapeLeft UIInterfaceOrientationLandscapeRight";
				LD_RUNPATH_SEARCH_PATHS = (
					"$(inherited)",
					"@executable_path/Frameworks",
				);
				MARKETING_VERSION = 1.0;
				PRODUCT_BUNDLE_IDENTIFIER = com.swiftConcurrencyBootcamp.Appollo;
				PRODUCT_NAME = "$(TARGET_NAME)";
				SWIFT_EMIT_LOC_STRINGS = YES;
				SWIFT_VERSION = 5.0;
				TARGETED_DEVICE_FAMILY = "1,2";
			};
			name = Debug;
		};
		B63F530A2ECED32200AC86AC /* Release */ = {
			isa = XCBuildConfiguration;
			buildSettings = {
				ASSETCATALOG_COMPILER_APPICON_NAME = AppIcon;
				ASSETCATALOG_COMPILER_GLOBAL_ACCENT_COLOR_NAME = AccentColor;
				CODE_SIGN_STYLE = Automatic;
				CURRENT_PROJECT_VERSION = 1;
				DEVELOPMENT_TEAM = GDJ74W2B9N;
				ENABLE_PREVIEWS = YES;
				GENERATE_INFOPLIST_FILE = YES;
				INFOPLIST_KEY_UIApplicationSceneManifest_Generation = YES;
				INFOPLIST_KEY_UIApplicationSupportsIndirectInputEvents = YES;
				INFOPLIST_KEY_UILaunchScreen_Generation = YES;
				INFOPLIST_KEY_UISupportedInterfaceOrientations_iPad = "UIInterfaceOrientationPortrait UIInterfaceOrientationPortraitUpsideDown UIInterfaceOrientationLandscapeLeft UIInterfaceOrientationLandscapeRight";
				INFOPLIST_KEY_UISupportedInterfaceOrientations_iPhone = "UIInterfaceOrientationPortrait UIInterfaceOrientationLandscapeLeft UIInterfaceOrientationLandscapeRight";
				LD_RUNPATH_SEARCH_PATHS = (
					"$(inherited)",
					"@executable_path/Frameworks",
				);
				MARKETING_VERSION = 1.0;
				PRODUCT_BUNDLE_IDENTIFIER = com.swiftConcurrencyBootcamp.Appollo;
				PRODUCT_NAME = "$(TARGET_NAME)";
				SWIFT_EMIT_LOC_STRINGS = YES;
				SWIFT_VERSION = 5.0;
				TARGETED_DEVICE_FAMILY = "1,2";
			};
			name = Release;
		};
/* End XCBuildConfiguration section */

/* Begin XCConfigurationList section */
		B63F52F82ECED32100AC86AC /* Build configuration list for PBXProject "Appollo" */ = {
			isa = XCConfigurationList;
			buildConfigurations = (
				B63F53062ECED32200AC86AC /* Debug */,
				B63F53072ECED32200AC86AC /* Release */,
			);
			defaultConfigurationIsVisible = 0;
			defaultConfigurationName = Release;
		};
		B63F53082ECED32200AC86AC /* Build configuration list for PBXNativeTarget "Appollo" */ = {
			isa = XCConfigurationList;
			buildConfigurations = (
				B63F53092ECED32200AC86AC /* Debug */,
				B63F530A2ECED32200AC86AC /* Release */,
			);
			defaultConfigurationIsVisible = 0;
			defaultConfigurationName = Release;
		};
/* End XCConfigurationList section */

/* Begin XCLocalSwiftPackageReference section */
		B6C5CB102EDEABCB00E31844 /* XCLocalSwiftPackageReference "student_info" */ = {
			isa = XCLocalSwiftPackageReference;
			relativePath = student_info;
		};
/* End XCLocalSwiftPackageReference section */

/* Begin XCRemoteSwiftPackageReference section */
		B6F5F7742ED5748F00047E4E /* XCRemoteSwiftPackageReference "apollo-ios" */ = {
			isa = XCRemoteSwiftPackageReference;
			repositoryURL = "https://github.com/apollographql/apollo-ios.git";
			requirement = {
				kind = upToNextMajorVersion;
				minimumVersion = 2.0.3;
			};
		};
/* End XCRemoteSwiftPackageReference section */

/* Begin XCSwiftPackageProductDependency section */
		B6C5CAE12EDEAAC900E31844 /* Student_info */ = {
			isa = XCSwiftPackageProductDependency;
			productName = Student_info;
		};
		B6C5CAFC2EDEAB4800E31844 /* Student_info */ = {
			isa = XCSwiftPackageProductDependency;
			productName = Student_info;
		};
		B6C5CB112EDEABCB00E31844 /* Student_info */ = {
			isa = XCSwiftPackageProductDependency;
			productName = Student_info;
		};
		B6F5F7752ED5748F00047E4E /* Apollo */ = {
			isa = XCSwiftPackageProductDependency;
			package = B6F5F7742ED5748F00047E4E /* XCRemoteSwiftPackageReference "apollo-ios" */;
			productName = Apollo;
		};
		B6F5F7772ED5748F00047E4E /* ApolloAPI */ = {
			isa = XCSwiftPackageProductDependency;
			package = B6F5F7742ED5748F00047E4E /* XCRemoteSwiftPackageReference "apollo-ios" */;
			productName = ApolloAPI;
		};
		B6F5F7792ED5748F00047E4E /* ApolloSQLite */ = {
			isa = XCSwiftPackageProductDependency;
			package = B6F5F7742ED5748F00047E4E /* XCRemoteSwiftPackageReference "apollo-ios" */;
			productName = ApolloSQLite;
		};
		B6F5F77B2ED5748F00047E4E /* ApolloTestSupport */ = {
			isa = XCSwiftPackageProductDependency;
			package = B6F5F7742ED5748F00047E4E /* XCRemoteSwiftPackageReference "apollo-ios" */;
			productName = ApolloTestSupport;
		};
/* End XCSwiftPackageProductDependency section */
	};
	rootObject = B63F52F52ECED32100AC86AC /* Project object */;
}
